
Microsoft Visual Studio Solution File, Format Version 12.00
# Visual Studio Version 17
VisualStudioVersion = 17.4.33213.308
MinimumVisualStudioVersion = 10.0.40219.1
Project("{FAE04EC0-301F-11D3-BF4B-00C04F79EFBC}") = "FileUpload.BLOB.WebAPI", "FileUpload.BLOB.WebAPI\FileUpload.BLOB.WebAPI.csproj", "{595919CC-D4F5-4767-85B4-331BEA549970}"
EndProject
Global
	GlobalSection(SolutionConfigurationPlatforms) = preSolution
		Debug|Any CPU = Debug|Any CPU
		Release|Any CPU = Release|Any CPU
	EndGlobalSection
	GlobalSection(ProjectConfigurationPlatforms) = postSolution
		{595919CC-D4F5-4767-85B4-331BEA549970}.Debug|Any CPU.ActiveCfg = Debug|Any CPU
		{595919CC-D4F5-4767-85B4-331BEA549970}.Debug|Any CPU.Build.0 = Debug|Any CPU
		{595919CC-D4F5-4767-85B4-331BEA549970}.Release|Any CPU.ActiveCfg = Release|Any CPU
		{595919CC-D4F5-4767-85B4-331BEA549970}.Release|Any CPU.Build.0 = Release|Any CPU
	EndGlobalSection
	GlobalSection(SolutionProperties) = preSolution
		HideSolutionNode = FALSE
	EndGlobalSection
	GlobalSection(ExtensibilityGlobals) = postSolution
		SolutionGuid = {C4FD3731-20D2-49E3-8476-7E7387B618D2}
	EndGlobalSection
EndGlobal
